PODS:
  - Alamofire (3.2.0)
  - FBSnapshotTestCase (2.0.7):
    - FBSnapshotTestCase/SwiftSupport (= 2.0.7)
  - FBSnapshotTestCase/Core (2.0.7)
  - FBSnapshotTestCase/SwiftSupport (2.0.7):
    - FBSnapshotTestCase/Core
  - HearstKit (0.1.0):
    - Alamofire
    - Starscream
    - SwiftyJSON
  - Nimble (3.0.0)
  - Nimble-Snapshots (3.0.0):
    - FBSnapshotTestCase (~> 2.0.7)
    - Nimble
    - Quick
  - Quick (0.8.0)
  - Starscream (1.1.1)
  - SwiftyJSON (2.3.2)

DEPENDENCIES:
  - Alamofire
  - FBSnapshotTestCase
  - HearstKit (from `../`)
  - Nimble (= 3.0.0)
  - Nimble-Snapshots
  - Quick (~> 0.8.0)
  - Starscream
  - SwiftyJSON

EXTERNAL SOURCES:
  HearstKit:
    :path: "../"

SPEC CHECKSUMS:
  Alamofire: 4da478599fccddff361205c8929333d7fe18dceb
  FBSnapshotTestCase: 7e85180d0d141a0cf472352edda7e80d7eaeb547
  HearstKit: 0c0bee719cbbe5702149602d0b29db63251e104f
  Nimble: 4c353d43735b38b545cbb4cb91504588eb5de926
  Nimble-Snapshots: ab41dd737dcd33a0b0cb005a30465fef70b7207a
  Quick: 563d0f6ec5f72e394645adb377708639b7dd38ab
  Starscream: d74dd8d122a6abd244d8d5e51f32891c796d0827
  SwiftyJSON: 04ccea08915aa0109039157c7974cf0298da292a

COCOAPODS: 0.39.0
